
Microsoft Visual Studio Solution File, Format Version 12.00
# Visual Studio Version 17
VisualStudioVersion = 17.8.34322.80
MinimumVisualStudioVersion = 10.0.40219.1
Project("{FAE04EC0-301F-11D3-BF4B-00C04F79EFBC}") = "DMBD-App", "DMBD-App\DMBD-App.csproj", "{2815A879-9890-4072-996F-D3B4AA536764}"
EndProject
Global
	GlobalSection(SolutionConfigurationPlatforms) = preSolution
		Debug|Any CPU = Debug|Any CPU
		Release|Any CPU = Release|Any CPU
	EndGlobalSection
	GlobalSection(ProjectConfigurationPlatforms) = postSolution
		{2815A879-9890-4072-996F-D3B4AA536764}.Debug|Any CPU.ActiveCfg = Debug|Any CPU
		{2815A879-9890-4072-996F-D3B4AA536764}.Debug|Any CPU.Build.0 = Debug|Any CPU
		{2815A879-9890-4072-996F-D3B4AA536764}.Release|Any CPU.ActiveCfg = Release|Any CPU
		{2815A879-9890-4072-996F-D3B4AA536764}.Release|Any CPU.Build.0 = Release|Any CPU
	EndGlobalSection
	GlobalSection(SolutionProperties) = preSolution
		HideSolutionNode = FALSE
	EndGlobalSection
	GlobalSection(ExtensibilityGlobals) = postSolution
		SolutionGuid = {E0555E89-6375-4C84-B74D-E4306B8AC87F}
	EndGlobalSection
EndGlobal
